// !$*UTF8*$!
{
	archiveVersion = 1;
	classes = {
	};
	objectVersion = 50;
	objects = {

/* Begin PBXBuildFile section */
		30AE56ED22118AC50062CCCF /* BogoSort.swift in Sources */ = {isa = PBXBuildFile; fileRef = 30AE56EC22118AC50062CCCF /* BogoSort.swift */; };
		30AE56F122118E880062CCCF /* TimeInterval+HumanReadable.swift in Sources */ = {isa = PBXBuildFile; fileRef = 30AE56F022118E880062CCCF /* TimeInterval+HumanReadable.swift */; };
		30AE56F42211924C0062CCCF /* InputData.swift in Sources */ = {isa = PBXBuildFile; fileRef = 30AE56F32211924C0062CCCF /* InputData.swift */; };
		30AE56F62211944C0062CCCF /* SortedData.swift in Sources */ = {isa = PBXBuildFile; fileRef = 30AE56F52211944C0062CCCF /* SortedData.swift */; };
		30AE56F82211945E0062CCCF /* ReverseSortedData.swift in Sources */ = {isa = PBXBuildFile; fileRef = 30AE56F72211945E0062CCCF /* ReverseSortedData.swift */; };
		30AE56FA2211946B0062CCCF /* RandomData.swift in Sources */ = {isa = PBXBuildFile; fileRef = 30AE56F92211946B0062CCCF /* RandomData.swift */; };
		30AE56FB2211A9270062CCCF /* SortingAlgorithm.swift in Sources */ = {isa = PBXBuildFile; fileRef = 30AE56EE22118AED0062CCCF /* SortingAlgorithm.swift */; };
		30AE56FC2211A92E0062CCCF /* Array+IsSorted.swift in Sources */ = {isa = PBXBuildFile; fileRef = 30AE56E522118A640062CCCF /* Array+IsSorted.swift */; };
		30AE56FD2211A92E0062CCCF /* main.swift in Sources */ = {isa = PBXBuildFile; fileRef = 30AE56DD221187120062CCCF /* main.swift */; };
		30AE56FE2211A92E0062CCCF /* Measurements.swift in Sources */ = {isa = PBXBuildFile; fileRef = 30AE56E922118AAC0062CCCF /* Measurements.swift */; };
		30AE57002211AB770062CCCF /* Array+AddElements.swift in Sources */ = {isa = PBXBuildFile; fileRef = 30AE56FF2211AB770062CCCF /* Array+AddElements.swift */; };
		30AE57022211AF1F0062CCCF /* RuntimeEvaluationManager.swift in Sources */ = {isa = PBXBuildFile; fileRef = 30AE57012211AF1F0062CCCF /* RuntimeEvaluationManager.swift */; };
		30AE57042211AF590062CCCF /* CSVWriter.swift in Sources */ = {isa = PBXBuildFile; fileRef = 30AE57032211AF590062CCCF /* CSVWriter.swift */; };
		40B024EF22118DEC004F735B /* BubbleSort.swift in Sources */ = {isa = PBXBuildFile; fileRef = 40B024EE22118DEC004F735B /* BubbleSort.swift */; };
		40B024F322118FE9004F735B /* SelectionSort.swift in Sources */ = {isa = PBXBuildFile; fileRef = 40B024F222118FE9004F735B /* SelectionSort.swift */; };
		40B024F5221190B9004F735B /* InsertionSort.swift in Sources */ = {isa = PBXBuildFile; fileRef = 40B024F4221190B9004F735B /* InsertionSort.swift */; };
		40B024F72211919A004F735B /* MergeSort.swift in Sources */ = {isa = PBXBuildFile; fileRef = 40B024F62211919A004F735B /* MergeSort.swift */; };
		40B024FB2211C185004F735B /* QuickSort.swift in Sources */ = {isa = PBXBuildFile; fileRef = 40B024FA2211C185004F735B /* QuickSort.swift */; };
/* End PBXBuildFile section */

/* Begin PBXCopyFilesBuildPhase section */
		30AE56D8221187120062CCCF /* CopyFiles */ = {
			isa = PBXCopyFilesBuildPhase;
			buildActionMask = 2147483647;
			dstPath = /usr/share/man/man1/;
			dstSubfolderSpec = 0;
			files = (
			);
			runOnlyForDeploymentPostprocessing = 1;
		};
/* End PBXCopyFilesBuildPhase section */

/* Begin PBXFileReference section */
		30AE56DA221187120062CCCF /* SortItAll */ = {isa = PBXFileReference; explicitFileType = "compiled.mach-o.executable"; includeInIndex = 0; path = SortItAll; sourceTree = BUILT_PRODUCTS_DIR; };
		30AE56DD221187120062CCCF /* main.swift */ = {isa = PBXFileReference; lastKnownFileType = sourcecode.swift; path = main.swift; sourceTree = "<group>"; };
		30AE56E522118A640062CCCF /* Array+IsSorted.swift */ = {isa = PBXFileReference; lastKnownFileType = sourcecode.swift; path = "Array+IsSorted.swift"; sourceTree = "<group>"; };
		30AE56E922118AAC0062CCCF /* Measurements.swift */ = {isa = PBXFileReference; lastKnownFileType = sourcecode.swift; path = Measurements.swift; sourceTree = "<group>"; };
		30AE56EC22118AC50062CCCF /* BogoSort.swift */ = {isa = PBXFileReference; lastKnownFileType = sourcecode.swift; path = BogoSort.swift; sourceTree = "<group>"; };
		30AE56EE22118AED0062CCCF /* SortingAlgorithm.swift */ = {isa = PBXFileReference; lastKnownFileType = sourcecode.swift; path = SortingAlgorithm.swift; sourceTree = "<group>"; };
		30AE56F022118E880062CCCF /* TimeInterval+HumanReadable.swift */ = {isa = PBXFileReference; lastKnownFileType = sourcecode.swift; path = "TimeInterval+HumanReadable.swift"; sourceTree = "<group>"; };
		30AE56F32211924C0062CCCF /* InputData.swift */ = {isa = PBXFileReference; lastKnownFileType = sourcecode.swift; path = InputData.swift; sourceTree = "<group>"; };
		30AE56F52211944C0062CCCF /* SortedData.swift */ = {isa = PBXFileReference; lastKnownFileType = sourcecode.swift; path = SortedData.swift; sourceTree = "<group>"; };
		30AE56F72211945E0062CCCF /* ReverseSortedData.swift */ = {isa = PBXFileReference; lastKnownFileType = sourcecode.swift; path = ReverseSortedData.swift; sourceTree = "<group>"; };
		30AE56F92211946B0062CCCF /* RandomData.swift */ = {isa = PBXFileReference; lastKnownFileType = sourcecode.swift; path = RandomData.swift; sourceTree = "<group>"; };
		30AE56FF2211AB770062CCCF /* Array+AddElements.swift */ = {isa = PBXFileReference; lastKnownFileType = sourcecode.swift; path = "Array+AddElements.swift"; sourceTree = "<group>"; };
		30AE57012211AF1F0062CCCF /* RuntimeEvaluationManager.swift */ = {isa = PBXFileReference; lastKnownFileType = sourcecode.swift; path = RuntimeEvaluationManager.swift; sourceTree = "<group>"; };
		30AE57032211AF590062CCCF /* CSVWriter.swift */ = {isa = PBXFileReference; lastKnownFileType = sourcecode.swift; path = CSVWriter.swift; sourceTree = "<group>"; };
		40B024EE22118DEC004F735B /* BubbleSort.swift */ = {isa = PBXFileReference; lastKnownFileType = sourcecode.swift; path = BubbleSort.swift; sourceTree = "<group>"; };
		40B024F222118FE9004F735B /* SelectionSort.swift */ = {isa = PBXFileReference; lastKnownFileType = sourcecode.swift; path = SelectionSort.swift; sourceTree = "<group>"; };
		40B024F4221190B9004F735B /* InsertionSort.swift */ = {isa = PBXFileReference; lastKnownFileType = sourcecode.swift; path = InsertionSort.swift; sourceTree = "<group>"; };
		40B024F62211919A004F735B /* MergeSort.swift */ = {isa = PBXFileReference; lastKnownFileType = sourcecode.swift; path = MergeSort.swift; sourceTree = "<group>"; };
		40B024FA2211C185004F735B /* QuickSort.swift */ = {isa = PBXFileReference; lastKnownFileType = sourcecode.swift; path = QuickSort.swift; sourceTree = "<group>"; };
/* End PBXFileReference section */

/* Begin PBXFrameworksBuildPhase section */
		30AE56D7221187120062CCCF /* Frameworks */ = {
			isa = PBXFrameworksBuildPhase;
			buildActionMask = 2147483647;
			files = (
			);
			runOnlyForDeploymentPostprocessing = 0;
		};
/* End PBXFrameworksBuildPhase section */

/* Begin PBXGroup section */
		30AE56D1221187120062CCCF = {
			isa = PBXGroup;
			children = (
				30AE56DC221187120062CCCF /* SortItAll */,
				30AE56DB221187120062CCCF /* Products */,
			);
			sourceTree = "<group>";
		};
		30AE56DB221187120062CCCF /* Products */ = {
			isa = PBXGroup;
			children = (
				30AE56DA221187120062CCCF /* SortItAll */,
			);
			name = Products;
			sourceTree = "<group>";
		};
		30AE56DC221187120062CCCF /* SortItAll */ = {
			isa = PBXGroup;
			children = (
				30AE56F22211923F0062CCCF /* InputData */,
				30AE56EB22118ABA0062CCCF /* Algorithms */,
				30AE56E422118A570062CCCF /* Extensions */,
				30AE56DD221187120062CCCF /* main.swift */,
				30AE56E922118AAC0062CCCF /* Measurements.swift */,
				30AE57012211AF1F0062CCCF /* RuntimeEvaluationManager.swift */,
				30AE57032211AF590062CCCF /* CSVWriter.swift */,
			);
			path = SortItAll;
			sourceTree = "<group>";
		};
		30AE56E422118A570062CCCF /* Extensions */ = {
			isa = PBXGroup;
			children = (
				30AE56E522118A640062CCCF /* Array+IsSorted.swift */,
				30AE56F022118E880062CCCF /* TimeInterval+HumanReadable.swift */,
				30AE56FF2211AB770062CCCF /* Array+AddElements.swift */,
			);
			path = Extensions;
			sourceTree = "<group>";
		};
		30AE56EB22118ABA0062CCCF /* Algorithms */ = {
			isa = PBXGroup;
			children = (
				30AE56EE22118AED0062CCCF /* SortingAlgorithm.swift */,
				30AE56EC22118AC50062CCCF /* BogoSort.swift */,
				40B024EE22118DEC004F735B /* BubbleSort.swift */,
				40B024F222118FE9004F735B /* SelectionSort.swift */,
				40B024F4221190B9004F735B /* InsertionSort.swift */,
				40B024F62211919A004F735B /* MergeSort.swift */,
				40B024FA2211C185004F735B /* QuickSort.swift */,
			);
			path = Algorithms;
			sourceTree = "<group>";
		};
		30AE56F22211923F0062CCCF /* InputData */ = {
			isa = PBXGroup;
			children = (
				30AE56F32211924C0062CCCF /* InputData.swift */,
				30AE56F52211944C0062CCCF /* SortedData.swift */,
				30AE56F72211945E0062CCCF /* ReverseSortedData.swift */,
				30AE56F92211946B0062CCCF /* RandomData.swift */,
			);
			path = InputData;
			sourceTree = "<group>";
		};
/* End PBXGroup section */

/* Begin PBXNativeTarget section */
		30AE56D9221187120062CCCF /* SortItAll */ = {
			isa = PBXNativeTarget;
			buildConfigurationList = 30AE56E1221187120062CCCF /* Build configuration list for PBXNativeTarget "SortItAll" */;
			buildPhases = (
				30AE56D6221187120062CCCF /* Sources */,
				30AE56D7221187120062CCCF /* Frameworks */,
				30AE56D8221187120062CCCF /* CopyFiles */,
			);
			buildRules = (
			);
			dependencies = (
			);
			name = SortItAll;
			productName = SortItAll;
			productReference = 30AE56DA221187120062CCCF /* SortItAll */;
			productType = "com.apple.product-type.tool";
		};
/* End PBXNativeTarget section */

/* Begin PBXProject section */
		30AE56D2221187120062CCCF /* Project object */ = {
			isa = PBXProject;
			attributes = {
				LastSwiftUpdateCheck = 1010;
				LastUpgradeCheck = 1010;
				ORGANIZATIONNAME = "Til Blechschmidt";
				TargetAttributes = {
					30AE56D9221187120062CCCF = {
						CreatedOnToolsVersion = 10.1;
					};
				};
			};
			buildConfigurationList = 30AE56D5221187120062CCCF /* Build configuration list for PBXProject "SortItAll" */;
			compatibilityVersion = "Xcode 9.3";
			developmentRegion = en;
			hasScannedForEncodings = 0;
			knownRegions = (
				en,
			);
			mainGroup = 30AE56D1221187120062CCCF;
			productRefGroup = 30AE56DB221187120062CCCF /* Products */;
			projectDirPath = "";
			projectRoot = "";
			targets = (
				30AE56D9221187120062CCCF /* SortItAll */,
			);
		};
/* End PBXProject section */

/* Begin PBXSourcesBuildPhase section */
		30AE56D6221187120062CCCF /* Sources */ = {
			isa = PBXSourcesBuildPhase;
			buildActionMask = 2147483647;
			files = (
				30AE56FC2211A92E0062CCCF /* Array+IsSorted.swift in Sources */,
				30AE56FD2211A92E0062CCCF /* main.swift in Sources */,
				30AE57002211AB770062CCCF /* Array+AddElements.swift in Sources */,
				30AE57042211AF590062CCCF /* CSVWriter.swift in Sources */,
				30AE56FE2211A92E0062CCCF /* Measurements.swift in Sources */,
				30AE56FB2211A9270062CCCF /* SortingAlgorithm.swift in Sources */,
				30AE57022211AF1F0062CCCF /* RuntimeEvaluationManager.swift in Sources */,
				30AE56F62211944C0062CCCF /* SortedData.swift in Sources */,
				30AE56F122118E880062CCCF /* TimeInterval+HumanReadable.swift in Sources */,
				30AE56FA2211946B0062CCCF /* RandomData.swift in Sources */,
				40B024F5221190B9004F735B /* InsertionSort.swift in Sources */,
				40B024F72211919A004F735B /* MergeSort.swift in Sources */,
				40B024F322118FE9004F735B /* SelectionSort.swift in Sources */,
				40B024FB2211C185004F735B /* QuickSort.swift in Sources */,
				30AE56ED22118AC50062CCCF /* BogoSort.swift in Sources */,
				30AE56F82211945E0062CCCF /* ReverseSortedData.swift in Sources */,
				30AE56F42211924C0062CCCF /* InputData.swift in Sources */,
				40B024EF22118DEC004F735B /* BubbleSort.swift in Sources */,
			);
			runOnlyForDeploymentPostprocessing = 0;
		};
/* End PBXSourcesBuildPhase section */

/* Begin XCBuildConfiguration section */
		30AE56DF221187120062CCCF /* Debug */ = {
			isa = XCBuildConfiguration;
			buildSettings = {
				ALWAYS_SEARCH_USER_PATHS = NO;
				CLANG_ANALYZER_NONNULL = YES;
				CLANG_ANALYZER_NUMBER_OBJECT_CONVERSION = YES_AGGRESSIVE;
				CLANG_CXX_LANGUAGE_STANDARD = "gnu++14";
				CLANG_CXX_LIBRARY = "libc++";
				CLANG_ENABLE_MODULES = YES;
				CLANG_ENABLE_OBJC_ARC = YES;
				CLANG_ENABLE_OBJC_WEAK = YES;
				CLANG_WARN_BLOCK_CAPTURE_AUTORELEASING = YES;
				CLANG_WARN_BOOL_CONVERSION = YES;
				CLANG_WARN_COMMA = YES;
				CLANG_WARN_CONSTANT_CONVERSION = YES;
				CLANG_WARN_DEPRECATED_OBJC_IMPLEMENTATIONS = YES;
				CLANG_WARN_DIRECT_OBJC_ISA_USAGE = YES_ERROR;
				CLANG_WARN_DOCUMENTATION_COMMENTS = YES;
				CLANG_WARN_EMPTY_BODY = YES;
				CLANG_WARN_ENUM_CONVERSION = YES;
				CLANG_WARN_INFINITE_RECURSION = YES;
				CLANG_WARN_INT_CONVERSION = YES;
				CLANG_WARN_NON_LITERAL_NULL_CONVERSION = YES;
				CLANG_WARN_OBJC_IMPLICIT_RETAIN_SELF = YES;
				CLANG_WARN_OBJC_LITERAL_CONVERSION = YES;
				CLANG_WARN_OBJC_ROOT_CLASS = YES_ERROR;
				CLANG_WARN_RANGE_LOOP_ANALYSIS = YES;
				CLANG_WARN_STRICT_PROTOTYPES = YES;
				CLANG_WARN_SUSPICIOUS_MOVE = YES;
				CLANG_WARN_UNGUARDED_AVAILABILITY = YES_AGGRESSIVE;
				CLANG_WARN_UNREACHABLE_CODE = YES;
				CLANG_WARN__DUPLICATE_METHOD_MATCH = YES;
				CODE_SIGN_IDENTITY = "Mac Developer";
				COPY_PHASE_STRIP = NO;
				DEBUG_INFORMATION_FORMAT = dwarf;
				ENABLE_STRICT_OBJC_MSGSEND = YES;
				ENABLE_TESTABILITY = YES;
				GCC_C_LANGUAGE_STANDARD = gnu11;
				GCC_DYNAMIC_NO_PIC = NO;
				GCC_NO_COMMON_BLOCKS = YES;
				GCC_OPTIMIZATION_LEVEL = 0;
				GCC_PREPROCESSOR_DEFINITIONS = (
					"DEBUG=1",
					"$(inherited)",
				);
				GCC_WARN_64_TO_32_BIT_CONVERSION = YES;
				GCC_WARN_ABOUT_RETURN_TYPE = YES_ERROR;
				GCC_WARN_UNDECLARED_SELECTOR = YES;
				GCC_WARN_UNINITIALIZED_AUTOS = YES_AGGRESSIVE;
				GCC_WARN_UNUSED_FUNCTION = YES;
				GCC_WARN_UNUSED_VARIABLE = YES;
				MACOSX_DEPLOYMENT_TARGET = 10.14;
				MTL_ENABLE_DEBUG_INFO = INCLUDE_SOURCE;
				MTL_FAST_MATH = YES;
				ONLY_ACTIVE_ARCH = YES;
				SDKROOT = macosx;
				SWIFT_ACTIVE_COMPILATION_CONDITIONS = DEBUG;
				SWIFT_OPTIMIZATION_LEVEL = "-Onone";
			};
			name = Debug;
		};
		30AE56E0221187120062CCCF /* Release */ = {
			isa = XCBuildConfiguration;
			buildSettings = {
				ALWAYS_SEARCH_USER_PATHS = NO;
				CLANG_ANALYZER_NONNULL = YES;
				CLANG_ANALYZER_NUMBER_OBJECT_CONVERSION = YES_AGGRESSIVE;
				CLANG_CXX_LANGUAGE_STANDARD = "gnu++14";
				CLANG_CXX_LIBRARY = "libc++";
				CLANG_ENABLE_MODULES = YES;
				CLANG_ENABLE_OBJC_ARC = YES;
				CLANG_ENABLE_OBJC_WEAK = YES;
				CLANG_WARN_BLOCK_CAPTURE_AUTORELEASING = YES;
				CLANG_WARN_BOOL_CONVERSION = YES;
				CLANG_WARN_COMMA = YES;
				CLANG_WARN_CONSTANT_CONVERSION = YES;
				CLANG_WARN_DEPRECATED_OBJC_IMPLEMENTATIONS = YES;
				CLANG_WARN_DIRECT_OBJC_ISA_USAGE = YES_ERROR;
				CLANG_WARN_DOCUMENTATION_COMMENTS = YES;
				CLANG_WARN_EMPTY_BODY = YES;
				CLANG_WARN_ENUM_CONVERSION = YES;
				CLANG_WARN_INFINITE_RECURSION = YES;
				CLANG_WARN_INT_CONVERSION = YES;
				CLANG_WARN_NON_LITERAL_NULL_CONVERSION = YES;
				CLANG_WARN_OBJC_IMPLICIT_RETAIN_SELF = YES;
				CLANG_WARN_OBJC_LITERAL_CONVERSION = YES;
				CLANG_WARN_OBJC_ROOT_CLASS = YES_ERROR;
				CLANG_WARN_RANGE_LOOP_ANALYSIS = YES;
				CLANG_WARN_STRICT_PROTOTYPES = YES;
				CLANG_WARN_SUSPICIOUS_MOVE = YES;
				CLANG_WARN_UNGUARDED_AVAILABILITY = YES_AGGRESSIVE;
				CLANG_WARN_UNREACHABLE_CODE = YES;
				CLANG_WARN__DUPLICATE_METHOD_MATCH = YES;
				CODE_SIGN_IDENTITY = "Mac Developer";
				COPY_PHASE_STRIP = NO;
				DEBUG_INFORMATION_FORMAT = "dwarf-with-dsym";
				ENABLE_NS_ASSERTIONS = NO;
				ENABLE_STRICT_OBJC_MSGSEND = YES;
				GCC_C_LANGUAGE_STANDARD = gnu11;
				GCC_NO_COMMON_BLOCKS = YES;
				GCC_WARN_64_TO_32_BIT_CONVERSION = YES;
				GCC_WARN_ABOUT_RETURN_TYPE = YES_ERROR;
				GCC_WARN_UNDECLARED_SELECTOR = YES;
				GCC_WARN_UNINITIALIZED_AUTOS = YES_AGGRESSIVE;
				GCC_WARN_UNUSED_FUNCTION = YES;
				GCC_WARN_UNUSED_VARIABLE = YES;
				MACOSX_DEPLOYMENT_TARGET = 10.14;
				MTL_ENABLE_DEBUG_INFO = NO;
				MTL_FAST_MATH = YES;
				SDKROOT = macosx;
				SWIFT_COMPILATION_MODE = wholemodule;
				SWIFT_OPTIMIZATION_LEVEL = "-O";
			};
			name = Release;
		};
		30AE56E2221187120062CCCF /* Debug */ = {
			isa = XCBuildConfiguration;
			buildSettings = {
				CODE_SIGN_IDENTITY = "-";
				CODE_SIGN_STYLE = Manual;
				DEVELOPMENT_TEAM = "";
				PRODUCT_NAME = "$(TARGET_NAME)";
				PROVISIONING_PROFILE_SPECIFIER = "";
				SWIFT_VERSION = 4.2;
			};
			name = Debug;
		};
		30AE56E3221187120062CCCF /* Release */ = {
			isa = XCBuildConfiguration;
			buildSettings = {
				CODE_SIGN_IDENTITY = "-";
				CODE_SIGN_STYLE = Manual;
				DEVELOPMENT_TEAM = "";
				PRODUCT_NAME = "$(TARGET_NAME)";
				PROVISIONING_PROFILE_SPECIFIER = "";
				SWIFT_VERSION = 4.2;
			};
			name = Release;
		};
/* End XCBuildConfiguration section */

/* Begin XCConfigurationList section */
		30AE56D5221187120062CCCF /* Build configuration list for PBXProject "SortItAll" */ = {
			isa = XCConfigurationList;
			buildConfigurations = (
				30AE56DF221187120062CCCF /* Debug */,
				30AE56E0221187120062CCCF /* Release */,
			);
			defaultConfigurationIsVisible = 0;
			defaultConfigurationName = Release;
		};
		30AE56E1221187120062CCCF /* Build configuration list for PBXNativeTarget "SortItAll" */ = {
			isa = XCConfigurationList;
			buildConfigurations = (
				30AE56E2221187120062CCCF /* Debug */,
				30AE56E3221187120062CCCF /* Release */,
			);
			defaultConfigurationIsVisible = 0;
			defaultConfigurationName = Release;
		};
/* End XCConfigurationList section */
	};
	rootObject = 30AE56D2221187120062CCCF /* Project object */;
}
